Microsoft Visual Studio Solution File, Format Version 12.00
# Visual Studio 2012
Project("{FAE04EC0-301F-11D3-BF4B-00C04F79EFBC}") = "网络游戏测试", "网络游戏测试.csproj", "{0BC00265-67D7-480F-8836-7E8CFCDD2AEA}"
EndProject
Global
	GlobalSection(SolutionConfigurationPlatforms) = preSolution
	Debug|Any CPU = Debug|Any CPU
	ExportDebug|Any CPU = ExportDebug|Any CPU
	ExportRelease|Any CPU = ExportRelease|Any CPU
	EndGlobalSection
	GlobalSection(ProjectConfigurationPlatforms) = postSolution
		{0BC00265-67D7-480F-8836-7E8CFCDD2AEA}.Debug|Any CPU.ActiveCfg = Debug|Any CPU
		{0BC00265-67D7-480F-8836-7E8CFCDD2AEA}.Debug|Any CPU.Build.0 = Debug|Any CPU
		{0BC00265-67D7-480F-8836-7E8CFCDD2AEA}.ExportDebug|Any CPU.ActiveCfg = ExportDebug|Any CPU
		{0BC00265-67D7-480F-8836-7E8CFCDD2AEA}.ExportDebug|Any CPU.Build.0 = ExportDebug|Any CPU
		{0BC00265-67D7-480F-8836-7E8CFCDD2AEA}.ExportRelease|Any CPU.ActiveCfg = ExportRelease|Any CPU
		{0BC00265-67D7-480F-8836-7E8CFCDD2AEA}.ExportRelease|Any CPU.Build.0 = ExportRelease|Any CPU
	EndGlobalSection
EndGlobal
